
Microsoft Visual Studio Solution File, Format Version 12.00
# Visual Studio Version 16
VisualStudioVersion = 16.0.30907.101
MinimumVisualStudioVersion = 10.0.40219.1
Project("{FAE04EC0-301F-11D3-BF4B-00C04F79EFBC}") = "FootballChampionship", "FootballChampionship\FootballChampionship.csproj", "{E1C0CC65-CCDE-4186-9A6E-21E6D55B77AF}"
EndProject
Global
	GlobalSection(SolutionConfigurationPlatforms) = preSolution
		Debug|Any CPU = Debug|Any CPU
		Release|Any CPU = Release|Any CPU
	EndGlobalSection
	GlobalSection(ProjectConfigurationPlatforms) = postSolution
		{E1C0CC65-CCDE-4186-9A6E-21E6D55B77AF}.Debug|Any CPU.ActiveCfg = Debug|Any CPU
		{E1C0CC65-CCDE-4186-9A6E-21E6D55B77AF}.Debug|Any CPU.Build.0 = Debug|Any CPU
		{E1C0CC65-CCDE-4186-9A6E-21E6D55B77AF}.Release|Any CPU.ActiveCfg = Release|Any CPU
		{E1C0CC65-CCDE-4186-9A6E-21E6D55B77AF}.Release|Any CPU.Build.0 = Release|Any CPU
	EndGlobalSection
	GlobalSection(SolutionProperties) = preSolution
		HideSolutionNode = FALSE
	EndGlobalSection
	GlobalSection(ExtensibilityGlobals) = postSolution
		SolutionGuid = {84AE1639-5817-48EA-904E-A68F35A93716}
	EndGlobalSection
EndGlobal
